
Microsoft Visual Studio Solution File, Format Version 12.00
# Visual Studio Version 17
VisualStudioVersion = 17.6.33829.357
MinimumVisualStudioVersion = 10.0.40219.1
Project("{54A90642-561A-4BB1-A94E-469ADEE60C69}") = "vueapp", "vueapp\vueapp.esproj", "{C5D0D87F-D282-4FE5-9ED8-2B5B51B162A7}"
EndProject
Project("{9A19103F-16F7-4668-BE54-9A1E7A4F7556}") = "webapi", "webapi\webapi.csproj", "{BEDA1A4C-EEFE-4B58-91A7-C38C8A8D7900}"
EndProject
Global
	GlobalSection(SolutionConfigurationPlatforms) = preSolution
		Debug|Any CPU = Debug|Any CPU
		Release|Any CPU = Release|Any CPU
	EndGlobalSection
	GlobalSection(ProjectConfigurationPlatforms) = postSolution
		{C5D0D87F-D282-4FE5-9ED8-2B5B51B162A7}.Debug|Any CPU.ActiveCfg = Debug|Any CPU
		{C5D0D87F-D282-4FE5-9ED8-2B5B51B162A7}.Debug|Any CPU.Build.0 = Debug|Any CPU
		{C5D0D87F-D282-4FE5-9ED8-2B5B51B162A7}.Debug|Any CPU.Deploy.0 = Debug|Any CPU
		{C5D0D87F-D282-4FE5-9ED8-2B5B51B162A7}.Release|Any CPU.ActiveCfg = Release|Any CPU
		{C5D0D87F-D282-4FE5-9ED8-2B5B51B162A7}.Release|Any CPU.Build.0 = Release|Any CPU
		{C5D0D87F-D282-4FE5-9ED8-2B5B51B162A7}.Release|Any CPU.Deploy.0 = Release|Any CPU
		{BEDA1A4C-EEFE-4B58-91A7-C38C8A8D7900}.Debug|Any CPU.ActiveCfg = Debug|Any CPU
		{BEDA1A4C-EEFE-4B58-91A7-C38C8A8D7900}.Debug|Any CPU.Build.0 = Debug|Any CPU
		{BEDA1A4C-EEFE-4B58-91A7-C38C8A8D7900}.Release|Any CPU.ActiveCfg = Release|Any CPU
		{BEDA1A4C-EEFE-4B58-91A7-C38C8A8D7900}.Release|Any CPU.Build.0 = Release|Any CPU
	EndGlobalSection
	GlobalSection(SolutionProperties) = preSolution
		HideSolutionNode = FALSE
	EndGlobalSection
	GlobalSection(ExtensibilityGlobals) = postSolution
		SolutionGuid = {495505F3-07B6-4ED6-A348-CD50966E4DC6}
	EndGlobalSection
EndGlobal
